
Microsoft Visual Studio Solution File, Format Version 12.00
# Visual Studio 15
VisualStudioVersion = 15.0.28307.438
MinimumVisualStudioVersion = 10.0.40219.1
Project("{FAE04EC0-301F-11D3-BF4B-00C04F79EFBC}") = "SeleniumWebDriver", "webdrive\SeleniumWebDriver.csproj", "{C560D513-6B24-4C90-94F9-523DF3B5AFBA}"
EndProject
Global
	GlobalSection(SolutionConfigurationPlatforms) = preSolution
		Debug|Any CPU = Debug|Any CPU
		Release|Any CPU = Release|Any CPU
	EndGlobalSection
	GlobalSection(ProjectConfigurationPlatforms) = postSolution
		{C560D513-6B24-4C90-94F9-523DF3B5AFBA}.Debug|Any CPU.ActiveCfg = Debug|Any CPU
		{C560D513-6B24-4C90-94F9-523DF3B5AFBA}.Debug|Any CPU.Build.0 = Debug|Any CPU
		{C560D513-6B24-4C90-94F9-523DF3B5AFBA}.Release|Any CPU.ActiveCfg = Release|Any CPU
		{C560D513-6B24-4C90-94F9-523DF3B5AFBA}.Release|Any CPU.Build.0 = Release|Any CPU
	EndGlobalSection
	GlobalSection(SolutionProperties) = preSolution
		HideSolutionNode = FALSE
	EndGlobalSection
	GlobalSection(ExtensibilityGlobals) = postSolution
		SolutionGuid = {14A1901B-E29C-4A4C-8303-E6C0DA45D252}
	EndGlobalSection
EndGlobal
